{
  "version": 1,
  "dependencies": {
    "net8.0": {
      "EntityFrameworkCore.Jet": {
        "type": "Direct",
        "requested": "[8.0.0-alpha.2, )",
        "resolved": "8.0.0-alpha.2",
        "contentHash": "Dc8Ofi1wJDwgbEZAe/EIucexEt+IB9QjiQezTuGJ/MS/2sRJ92jgbZg3LQ7T1a6gETpKUkCVrKLk0hIVtlBSeg==",
        "dependencies": {
          "EntityFrameworkCore.Jet.Data": "8.0.0-alpha.2",
          "Microsoft.EntityFrameworkCore": "[8.0.0, 9.0.0)",
          "Microsoft.EntityFrameworkCore.Relational": "[8.0.0, 9.0.0)"
        }
      },
      "Microsoft.EntityFrameworkCore.Design": {
        "type": "Direct",
        "requested": "[8.0.4, )",
        "resolved": "8.0.4",
        "contentHash": "QD5/h3+h4N7GlUaA4bzaYFW9CoeB7ne2KMiDIENIT0GPx+E6up/v9fDA36FAS3NIq9zeKUAQgN8aj6IwE7tMGw==",
        "dependencies": {
          "Humanizer.Core": "2.14.1",
          "Microsoft.CodeAnalysis.CSharp.Workspaces": "4.5.0",
          "Microsoft.EntityFrameworkCore.Relational": "8.0.4",
          "Microsoft.Extensions.DependencyModel": "8.0.0",
          "Mono.TextTemplating": "2.2.1"
        }
      },
      "Microsoft.EntityFrameworkCore.Sqlite": {
        "type": "Direct",
        "requested": "[8.0.4, )",
        "resolved": "8.0.4",
        "contentHash": "7y0Z7y1SwBNswxlNY9zduqk5I0+pWWzYIFhtJtvo55RcfomIQDmOODG/s5+iOxv0JoVHjFOgAc8AMI3DwAaoig==",
        "dependencies": {
          "Microsoft.EntityFrameworkCore.Sqlite.Core": "8.0.4",
          "SQLitePCLRaw.bundle_e_sqlite3": "2.1.6"
        }
      },
      "Microsoft.EntityFrameworkCore.SqlServer": {
        "type": "Direct",
        "requested": "[8.0.4, )",
        "resolved": "8.0.4",
        "contentHash": "/IlHNxzZGqiuVi+FPtjFZgAOfY989fTPtxw8zhmlFwv5M2WJzBSMlAP4jNVQX/k7/qu+y1YvddPxg4O5QdeRXw==",
        "dependencies": {
          "Microsoft.Data.SqlClient": "5.1.5",
          "Microsoft.EntityFrameworkCore.Relational": "8.0.4"
        }
      },
      "MinVer": {
        "type": "Direct",
        "requested": "[5.0.0, )",
        "resolved": "5.0.0",
        "contentHash": "ybkgpQMtt0Fo91l5rYtE3TZtD+Nmy5Ko091xvfXXOosQdMi30XO2EZ2+ShZt89gdu7RMmJqZaJ+e1q6d+6+KNw=="
      },
      "Npgsql.EntityFrameworkCore.PostgreSQL": {
        "type": "Direct",
        "requested": "[8.0.2, )",
        "resolved": "8.0.2",
        "contentHash": "eoZPynwkZTWFTgnocvXORuCL2yFZtscrUdqVhjxiRULpC7BMg9zhLM5oDZAU5PoX1PgN77hmkKE4a3PQiHqh7Q==",
        "dependencies": {
          "Microsoft.EntityFrameworkCore": "8.0.2",
          "Microsoft.EntityFrameworkCore.Abstractions": "8.0.2",
          "Microsoft.EntityFrameworkCore.Relational": "8.0.2",
          "Npgsql": "8.0.2"
        }
      },
      "Oracle.EntityFrameworkCore": {
        "type": "Direct",
        "requested": "[8.21.140, )",
        "resolved": "8.21.140",
        "contentHash": "hUJNEWOaOLcedRVmvYlGMLDx4l2HOhTWBAqf824fjdMkFmH+lPrRuGKclZSlCCPoKE0n6IjSQuZFZeT0I4dqjg==",
        "dependencies": {
          "Microsoft.EntityFrameworkCore.Relational": "[8.0.0, 9.0.0)",
          "Oracle.ManagedDataAccess.Core": "[3.21.140, 3.22.0)"
        }
      },
      "Pomelo.EntityFrameworkCore.MySql": {
        "type": "Direct",
        "requested": "[8.0.2, )",
        "resolved": "8.0.2",
        "contentHash": "XjnlcxVBLnEMbyEc5cZzgZeDyLvAniACZQ04W1slWN0f4rmfNzl98gEMvHnFH0fMDF06z9MmgGi/Sr7hJ+BVnw==",
        "dependencies": {
          "Microsoft.EntityFrameworkCore.Relational": "[8.0.2, 8.0.999]",
          "MySqlConnector": "2.3.5"
        }
      },
      "System.Data.Odbc": {
        "type": "Direct",
        "requested": "[8.0.0, )",
        "resolved": "8.0.0",
        "contentHash": "c+GfnZt2/HyU+voKw2fctLZClcNjPZPWS+mnIhGvDknRMqL/fwWlREWPgA4csbp9ZkQIgB4qkufgdh/oh5Ubow==",
        "dependencies": {
          "System.Text.Encoding.CodePages": "8.0.0"
        }
      },
      "System.Data.OleDb": {
        "type": "Direct",
        "requested": "[8.0.0, )",
        "resolved": "8.0.0",
        "contentHash": "FpUTcQ0E8mFvcYp8UZA3NX8wgmhmsCue56g1zfkr1xdOnT5FrYYmC5DWQ9xCw8o8zuxVBKLZvliqEGgmeoalaQ==",
        "dependencies": {
          "System.Configuration.ConfigurationManager": "8.0.0",
          "System.Diagnostics.PerformanceCounter": "8.0.0"
        }
      },
      "Azure.Core": {
        "type": "Transitive",
        "resolved": "1.35.0",
        "contentHash": "hENcx03Jyuqv05F4RBEPbxz29UrM3Nbhnr6Wl6NQpoU9BCIbL3XLentrxDCTrH54NLS11Exxi/o8MYgT/cnKFA==",
        "dependencies": {
          "Microsoft.Bcl.AsyncInterfaces": "1.1.1",
          "System.Diagnostics.DiagnosticSource": "6.0.1",
          "System.Memory.Data": "1.0.2",
          "System.Numerics.Vectors": "4.5.0",
          "System.Text.Encodings.Web": "4.7.2",
          "System.Text.Json": "4.7.2",
          "System.Threading.Tasks.Extensions": "4.5.4"
        }
      },
      "Azure.Identity": {
        "type": "Transitive",
        "resolved": "1.10.3",
        "contentHash": "l1Xm2MWOF2Mzcwuarlw8kWQXLZk3UeB55aQXVyjj23aBfDwOZ3gu5GP2kJ6KlmZeZv2TCzw7x4L3V36iNr3gww==",
        "dependencies": {
          "Azure.Core": "1.35.0",
          "Microsoft.Identity.Client": "4.56.0",
          "Microsoft.Identity.Client.Extensions.Msal": "4.56.0",
          "System.Memory": "4.5.4",
          "System.Security.Cryptography.ProtectedData": "4.7.0",
          "System.Text.Json": "4.7.2",
          "System.Threading.Tasks.Extensions": "4.5.4"
        }
      },
      "EntityFrameworkCore.Jet.Data": {
        "type": "Transitive",
        "resolved": "8.0.0-alpha.2",
        "contentHash": "koEVlidllsNXUc680F2Mom3uWGAX5RjC1tnvr1mxPgO2gK4jtAeRWwZi07YKkygGZkQVOePOj+pHgRn4YBqP1A=="
      },
      "Humanizer.Core": {
        "type": "Transitive",
        "resolved": "2.14.1",
        "contentHash": "lQKvtaTDOXnoVJ20ibTuSIOf2i0uO0MPbDhd1jm238I+U/2ZnRENj0cktKZhtchBMtCUSRQ5v4xBCUbKNmyVMw=="
      },
      "Microsoft.Bcl.AsyncInterfaces": {
        "type": "Transitive",
        "resolved": "6.0.0",
        "contentHash": "UcSjPsst+DfAdJGVDsu346FX0ci0ah+lw3WRtn18NUwEqRt70HaOQ7lI72vy3+1LxtqI3T5GWwV39rQSrCzAeg=="
      },
      "Microsoft.CodeAnalysis.Analyzers": {
        "type": "Transitive",
        "resolved": "3.3.3",
        "contentHash": "j/rOZtLMVJjrfLRlAMckJLPW/1rze9MT1yfWqSIbUPGRu1m1P0fuo9PmqapwsmePfGB5PJrudQLvmUOAMF0DqQ=="
      },
      "Microsoft.CodeAnalysis.Common": {
        "type": "Transitive",
        "resolved": "4.5.0",
        "contentHash": "lwAbIZNdnY0SUNoDmZHkVUwLO8UyNnyyh1t/4XsbFxi4Ounb3xszIYZaWhyj5ZjyfcwqwmtMbE7fUTVCqQEIdQ==",
        "dependencies": {
          "Microsoft.CodeAnalysis.Analyzers": "3.3.3",
          "System.Collections.Immutable": "6.0.0",
          "System.Reflection.Metadata": "6.0.1",
          "System.Runtime.CompilerServices.Unsafe": "6.0.0",
          "System.Text.Encoding.CodePages": "6.0.0"
        }
      },
      "Microsoft.CodeAnalysis.CSharp": {
        "type": "Transitive",
        "resolved": "4.5.0",
        "contentHash": "cM59oMKAOxvdv76bdmaKPy5hfj+oR+zxikWoueEB7CwTko7mt9sVKZI8Qxlov0C/LuKEG+WQwifepqL3vuTiBQ==",
        "dependencies": {
          "Microsoft.CodeAnalysis.Common": "[4.5.0]"
        }
      },
      "Microsoft.CodeAnalysis.CSharp.Workspaces": {
        "type": "Transitive",
        "resolved": "4.5.0",
        "contentHash": "h74wTpmGOp4yS4hj+EvNzEiPgg/KVs2wmSfTZ81upJZOtPkJsVkgfsgtxxqmAeapjT/vLKfmYV0bS8n5MNVP+g==",
        "dependencies": {
          "Humanizer.Core": "2.14.1",
          "Microsoft.CodeAnalysis.CSharp": "[4.5.0]",
          "Microsoft.CodeAnalysis.Common": "[4.5.0]",
          "Microsoft.CodeAnalysis.Workspaces.Common": "[4.5.0]"
        }
      },
      "Microsoft.CodeAnalysis.Workspaces.Common": {
        "type": "Transitive",
        "resolved": "4.5.0",
        "contentHash": "l4dDRmGELXG72XZaonnOeORyD/T5RpEu5LGHOUIhnv+MmUWDY/m1kWXGwtcgQ5CJ5ynkFiRnIYzTKXYjUs7rbw==",
        "dependencies": {
          "Humanizer.Core": "2.14.1",
          "Microsoft.Bcl.AsyncInterfaces": "6.0.0",
          "Microsoft.CodeAnalysis.Common": "[4.5.0]",
          "System.Composition": "6.0.0",
          "System.IO.Pipelines": "6.0.3",
          "System.Threading.Channels": "6.0.0"
        }
      },
      "Microsoft.CSharp": {
        "type": "Transitive",
        "resolved": "4.5.0",
        "contentHash": "kaj6Wb4qoMuH3HySFJhxwQfe8R/sJsNJnANrvv8WdFPMoNbKY5htfNscv+LHCu5ipz+49m2e+WQXpLXr9XYemQ=="
      },
      "Microsoft.Data.SqlClient": {
        "type": "Transitive",
        "resolved": "5.1.5",
        "contentHash": "6kvhQjY5uBCdBccezFD2smfnpQjQ33cZtUZVrNvxlwoBu6uopM5INH6uSgLI7JRLtlQ3bMPwnhMq4kchsXeZ5w==",
        "dependencies": {
          "Azure.Identity": "1.10.3",
          "Microsoft.Data.SqlClient.SNI.runtime": "5.1.1",
          "Microsoft.Identity.Client": "4.56.0",
          "Microsoft.IdentityModel.JsonWebTokens": "6.35.0",
          "Microsoft.IdentityModel.Protocols.OpenIdConnect": "6.35.0",
          "Microsoft.SqlServer.Server": "1.0.0",
          "System.Configuration.ConfigurationManager": "6.0.1",
          "System.Diagnostics.DiagnosticSource": "6.0.1",
          "System.Runtime.Caching": "6.0.0",
          "System.Security.Cryptography.Cng": "5.0.0",
          "System.Security.Principal.Windows": "5.0.0",
          "System.Text.Encoding.CodePages": "6.0.0",
          "System.Text.Encodings.Web": "6.0.0"
        }
      },
      "Microsoft.Data.SqlClient.SNI.runtime": {
        "type": "Transitive",
        "resolved": "5.1.1",
        "contentHash": "wNGM5ZTQCa2blc9ikXQouybGiyMd6IHPVJvAlBEPtr6JepZEOYeDxGyprYvFVeOxlCXs7avridZQ0nYkHzQWCQ=="
      },
      "Microsoft.Data.Sqlite.Core": {
        "type": "Transitive",
        "resolved": "8.0.4",
        "contentHash": "x5FE5m1h31UIDEk0j3r38HtYvsa0fxd5jXzvE/SARI7LecXt/jm4z2SUl6TEoJGQOo9Ow2wg3a0MU2E1TVVAdA==",
        "dependencies": {
          "SQLitePCLRaw.core": "2.1.6"
        }
      },
      "Microsoft.EntityFrameworkCore": {
        "type": "Transitive",
        "resolved": "8.0.4",
        "contentHash": "/kyu9pXuxQvhg8RO/oN5Q5Og7cDIVvZtrt1z48rX7Yido+zEGkUkp3/Bjd9u45N2uuPPF8mn2pKDlAewCvv3/Q==",
        "dependencies": {
          "Microsoft.EntityFrameworkCore.Abstractions": "8.0.4",
          "Microsoft.EntityFrameworkCore.Analyzers": "8.0.4",
          "Microsoft.Extensions.Caching.Memory": "8.0.0",
          "Microsoft.Extensions.Logging": "8.0.0"
        }
      },
      "Microsoft.EntityFrameworkCore.Abstractions": {
        "type": "Transitive",
        "resolved": "8.0.4",
        "contentHash": "S50pjtPNOvRktacaO6UAhvGCPMT56wxqEq8fQfcjaSUySPGba6mKWo6ackw6DdeAR1cA6U+U0uj27warA2KtJA=="
      },
      "Microsoft.EntityFrameworkCore.Analyzers": {
        "type": "Transitive",
        "resolved": "8.0.4",
        "contentHash": "P8hfMZECdbgle4Us8HGRUKAjqVwgbtr5JqtCxqEoiVORrNQAmcpu3g1NKwTAoUsO9Z0QRgExtYoAmdggR/DkMQ=="
      },
      "Microsoft.EntityFrameworkCore.Relational": {
        "type": "Transitive",
        "resolved": "8.0.4",
        "contentHash": "aWLT6e9a8oMzXgF0YQpYYa3mDeU+yb2UQSQ+RrIgyGgSpzPfSKgpA7v2kOVDuZr2AQ6NNAlWPaBG7wZuKQI96w==",
        "dependencies": {
          "Microsoft.EntityFrameworkCore": "8.0.4",
          "Microsoft.Extensions.Configuration.Abstractions": "8.0.0"
        }
      },
      "Microsoft.EntityFrameworkCore.Sqlite.Core": {
        "type": "Transitive",
        "resolved": "8.0.4",
        "contentHash": "4XCrL6vdFQSXZY6b89cXvjYNvTKP5azMvgacI2XE+B0D7Lg3zYSjmfLZYWfR3j3izx5X8xCTkHZnaRHHfHcv+w==",
        "dependencies": {
          "Microsoft.Data.Sqlite.Core": "8.0.4",
          "Microsoft.EntityFrameworkCore.Relational": "8.0.4",
          "Microsoft.Extensions.DependencyModel": "8.0.0"
        }
      },
      "Microsoft.Extensions.Caching.Abstractions": {
        "type": "Transitive",
        "resolved": "8.0.0",
        "contentHash": "3KuSxeHoNYdxVYfg2IRZCThcrlJ1XJqIXkAWikCsbm5C/bCjv7G0WoKDyuR98Q+T607QT2Zl5GsbGRkENcV2yQ==",
        "dependencies": {
          "Microsoft.Extensions.Primitives": "8.0.0"
        }
      },
      "Microsoft.Extensions.Caching.Memory": {
        "type": "Transitive",
        "resolved": "8.0.0",
        "contentHash": "7pqivmrZDzo1ADPkRwjy+8jtRKWRCPag9qPI+p7sgu7Q4QreWhcvbiWXsbhP+yY8XSiDvZpu2/LWdBv7PnmOpQ==",
        "dependencies": {
          "Microsoft.Extensions.Caching.Abstractions": "8.0.0",
          "Microsoft.Extensions.DependencyInjection.Abstractions": "8.0.0",
          "Microsoft.Extensions.Logging.Abstractions": "8.0.0",
          "Microsoft.Extensions.Options": "8.0.0",
          "Microsoft.Extensions.Primitives": "8.0.0"
        }
      },
      "Microsoft.Extensions.Configuration.Abstractions": {
        "type": "Transitive",
        "resolved": "8.0.0",
        "contentHash": "3lE/iLSutpgX1CC0NOW70FJoGARRHbyKmG7dc0klnUZ9Dd9hS6N/POPWhKhMLCEuNN5nXEY5agmlFtH562vqhQ==",
        "dependencies": {
          "Microsoft.Extensions.Primitives": "8.0.0"
        }
      },
      "Microsoft.Extensions.DependencyInjection": {
        "type": "Transitive",
        "resolved": "8.0.0",
        "contentHash": "V8S3bsm50ig6JSyrbcJJ8bW2b9QLGouz+G1miK3UTaOWmMtFwNNNzUf4AleyDWUmTrWMLNnFSLEQtxmxgNQnNQ==",
        "dependencies": {
          "Microsoft.Extensions.DependencyInjection.Abstractions": "8.0.0"
        }
      },
      "Microsoft.Extensions.DependencyInjection.Abstractions": {
        "type": "Transitive",
        "resolved": "8.0.0",
        "contentHash": "cjWrLkJXK0rs4zofsK4bSdg+jhDLTaxrkXu4gS6Y7MAlCvRyNNgwY/lJi5RDlQOnSZweHqoyvgvbdvQsRIW+hg=="
      },
      "Microsoft.Extensions.DependencyModel": {
        "type": "Transitive",
        "resolved": "8.0.0",
        "contentHash": "NSmDw3K0ozNDgShSIpsZcbFIzBX4w28nDag+TfaQujkXGazBm+lid5onlWoCBy4VsLxqnnKjEBbGSJVWJMf43g==",
        "dependencies": {
          "System.Text.Encodings.Web": "8.0.0",
          "System.Text.Json": "8.0.0"
        }
      },
      "Microsoft.Extensions.Logging": {
        "type": "Transitive",
        "resolved": "8.0.0",
        "contentHash": "tvRkov9tAJ3xP51LCv3FJ2zINmv1P8Hi8lhhtcKGqM+ImiTCC84uOPEI4z8Cdq2C3o9e+Aa0Gw0rmrsJD77W+w==",
        "dependencies": {
          "Microsoft.Extensions.DependencyInjection": "8.0.0",
          "Microsoft.Extensions.Logging.Abstractions": "8.0.0",
          "Microsoft.Extensions.Options": "8.0.0"
        }
      },
      "Microsoft.Extensions.Logging.Abstractions": {
        "type": "Transitive",
        "resolved": "8.0.0",
        "contentHash": "arDBqTgFCyS0EvRV7O3MZturChstm50OJ0y9bDJvAcmEPJm0FFpFyjU/JLYyStNGGey081DvnQYlncNX5SJJGA==",
        "dependencies": {
          "Microsoft.Extensions.DependencyInjection.Abstractions": "8.0.0"
        }
      },
      "Microsoft.Extensions.Options": {
        "type": "Transitive",
        "resolved": "8.0.0",
        "contentHash": "JOVOfqpnqlVLUzINQ2fox8evY2SKLYJ3BV8QDe/Jyp21u1T7r45x/R/5QdteURMR5r01GxeJSBBUOCOyaNXA3g==",
        "dependencies": {
          "Microsoft.Extensions.DependencyInjection.Abstractions": "8.0.0",
          "Microsoft.Extensions.Primitives": "8.0.0"
        }
      },
      "Microsoft.Extensions.Primitives": {
        "type": "Transitive",
        "resolved": "8.0.0",
        "contentHash": "bXJEZrW9ny8vjMF1JV253WeLhpEVzFo1lyaZu1vQ4ZxWUlVvknZ/+ftFgVheLubb4eZPSwwxBeqS1JkCOjxd8g=="
      },
      "Microsoft.Identity.Client": {
        "type": "Transitive",
        "resolved": "4.56.0",
        "contentHash": "rr4zbidvHy9r4NvOAs5hdd964Ao2A0pAeFBJKR95u1CJAVzbd1p6tPTXUZ+5ld0cfThiVSGvz6UHwY6JjraTpA==",
        "dependencies": {
          "Microsoft.IdentityModel.Abstractions": "6.22.0"
        }
      },
      "Microsoft.Identity.Client.Extensions.Msal": {
        "type": "Transitive",
        "resolved": "4.56.0",
        "contentHash": "H12YAzEGK55vZ+QpxUzozhW8ZZtgPDuWvgA0JbdIR9UhMUplj29JhIgE2imuH8W2Nw9D8JKygR1uxRFtpSNcrg==",
        "dependencies": {
          "Microsoft.Identity.Client": "4.56.0",
          "System.IO.FileSystem.AccessControl": "5.0.0",
          "System.Security.Cryptography.ProtectedData": "4.5.0"
        }
      },
      "Microsoft.IdentityModel.Abstractions": {
        "type": "Transitive",
        "resolved": "6.35.0",
        "contentHash": "xuR8E4Rd96M41CnUSCiOJ2DBh+z+zQSmyrYHdYhD6K4fXBcQGVnRCFQ0efROUYpP+p0zC1BLKr0JRpVuujTZSg=="
      },
      "Microsoft.IdentityModel.JsonWebTokens": {
        "type": "Transitive",
        "resolved": "6.35.0",
        "contentHash": "9wxai3hKgZUb4/NjdRKfQd0QJvtXKDlvmGMYACbEC8DFaicMFCFhQFZq9ZET1kJLwZahf2lfY5Gtcpsx8zYzbg==",
        "dependencies": {
          "Microsoft.IdentityModel.Tokens": "6.35.0",
          "System.Text.Encoding": "4.3.0",
          "System.Text.Encodings.Web": "4.7.2",
          "System.Text.Json": "4.7.2"
        }
      },
      "Microsoft.IdentityModel.Logging": {
        "type": "Transitive",
        "resolved": "6.35.0",
        "contentHash": "jePrSfGAmqT81JDCNSY+fxVWoGuJKt9e6eJ+vT7+quVS55nWl//jGjUQn4eFtVKt4rt5dXaleZdHRB9J9AJZ7Q==",
        "dependencies": {
          "Microsoft.IdentityModel.Abstractions": "6.35.0"
        }
      },
      "Microsoft.IdentityModel.Protocols": {
        "type": "Transitive",
        "resolved": "6.35.0",
        "contentHash": "BPQhlDzdFvv1PzaUxNSk+VEPwezlDEVADIKmyxubw7IiELK18uJ06RQ9QKKkds30XI+gDu9n8j24XQ8w7fjWcg==",
        "dependencies": {
          "Microsoft.IdentityModel.Logging": "6.35.0",
          "Microsoft.IdentityModel.Tokens": "6.35.0"
        }
      },
      "Microsoft.IdentityModel.Protocols.OpenIdConnect": {
        "type": "Transitive",
        "resolved": "6.35.0",
        "contentHash": "LMtVqnECCCdSmyFoCOxIE5tXQqkOLrvGrL7OxHg41DIm1bpWtaCdGyVcTAfOQpJXvzND9zUKIN/lhngPkYR8vg==",
        "dependencies": {
          "Microsoft.IdentityModel.Protocols": "6.35.0",
          "System.IdentityModel.Tokens.Jwt": "6.35.0"
        }
      },
      "Microsoft.IdentityModel.Tokens": {
        "type": "Transitive",
        "resolved": "6.35.0",
        "contentHash": "RN7lvp7s3Boucg1NaNAbqDbxtlLj5Qeb+4uSS1TeK5FSBVM40P4DKaTKChT43sHyKfh7V0zkrMph6DdHvyA4bg==",
        "dependencies": {
          "Microsoft.CSharp": "4.5.0",
          "Microsoft.IdentityModel.Logging": "6.35.0",
          "System.Security.Cryptography.Cng": "4.5.0"
        }
      },
      "Microsoft.NETCore.Platforms": {
        "type": "Transitive",
        "resolved": "1.1.0",
        "contentHash": "kz0PEW2lhqygehI/d6XsPCQzD7ff7gUJaVGPVETX611eadGsA3A877GdSlU0LRVMCTH/+P3o2iDTak+S08V2+A=="
      },
      "Microsoft.NETCore.Targets": {
        "type": "Transitive",
        "resolved": "1.1.0",
        "contentHash": "aOZA3BWfz9RXjpzt0sRJJMjAscAUm3Hoa4UWAfceV9UTYxgwZ1lZt5nO2myFf+/jetYQo4uTP7zS8sJY67BBxg=="
      },
      "Microsoft.SqlServer.Server": {
        "type": "Transitive",
        "resolved": "1.0.0",
        "contentHash": "N4KeF3cpcm1PUHym1RmakkzfkEv3GRMyofVv40uXsQhCQeglr2OHNcUk2WOG51AKpGO8ynGpo9M/kFXSzghwug=="
      },
      "Microsoft.Win32.SystemEvents": {
        "type": "Transitive",
        "resolved": "6.0.0",
        "contentHash": "hqTM5628jSsQiv+HGpiq3WKBl2c8v1KZfby2J6Pr7pEPlK9waPdgEO6b8A/+/xn/yZ9ulv8HuqK71ONy2tg67A=="
      },
      "Mono.TextTemplating": {
        "type": "Transitive",
        "resolved": "2.2.1",
        "contentHash": "KZYeKBET/2Z0gY1WlTAK7+RHTl7GSbtvTLDXEZZojUdAPqpQNDL6tHv7VUpqfX5VEOh+uRGKaZXkuD253nEOBQ==",
        "dependencies": {
          "System.CodeDom": "4.4.0"
        }
      },
      "MySqlConnector": {
        "type": "Transitive",
        "resolved": "2.3.5",
        "contentHash": "AmEfUPkFl+Ev6jJ8Dhns3CYHBfD12RHzGYWuLt6DfG6/af6YvOMyPz74ZPPjBYQGRJkumD2Z48Kqm8s5DJuhLA==",
        "dependencies": {
          "Microsoft.Extensions.Logging.Abstractions": "7.0.1"
        }
      },
      "Npgsql": {
        "type": "Transitive",
        "resolved": "8.0.2",
        "contentHash": "MuJzLoWCaQhQAR3oh66YR0Ir6mxuezncGX3f8wxvAc21g0+9HICktJQlqMoODhxztZKXE5k9GxRxqUAN+vPb4g==",
        "dependencies": {
          "Microsoft.Extensions.Logging.Abstractions": "8.0.0"
        }
      },
      "Oracle.ManagedDataAccess.Core": {
        "type": "Transitive",
        "resolved": "3.21.140",
        "contentHash": "F1c4adtCGe6C+h04fryfAeRC3XsTG73Xd6vYhpD/6ABfdWo4IOTLy8EZs4vhya2+OR0BME/751Y3BCZcWdNYiQ==",
        "dependencies": {
          "System.Diagnostics.PerformanceCounter": "6.0.1",
          "System.DirectoryServices": "6.0.1",
          "System.DirectoryServices.Protocols": "6.0.2",
          "System.Security.Cryptography.Pkcs": "6.0.4"
        }
      },
      "SQLitePCLRaw.bundle_e_sqlite3": {
        "type": "Transitive",
        "resolved": "2.1.6",
        "contentHash": "BmAf6XWt4TqtowmiWe4/5rRot6GerAeklmOPfviOvwLoF5WwgxcJHAxZtySuyW9r9w+HLILnm8VfJFLCUJYW8A==",
        "dependencies": {
          "SQLitePCLRaw.lib.e_sqlite3": "2.1.6",
          "SQLitePCLRaw.provider.e_sqlite3": "2.1.6"
        }
      },
      "SQLitePCLRaw.core": {
        "type": "Transitive",
        "resolved": "2.1.6",
        "contentHash": "wO6v9GeMx9CUngAet8hbO7xdm+M42p1XeJq47ogyRoYSvNSp0NGLI+MgC0bhrMk9C17MTVFlLiN6ylyExLCc5w==",
        "dependencies": {
          "System.Memory": "4.5.3"
        }
      },
      "SQLitePCLRaw.lib.e_sqlite3": {
        "type": "Transitive",
        "resolved": "2.1.6",
        "contentHash": "2ObJJLkIUIxRpOUlZNGuD4rICpBnrBR5anjyfUFQep4hMOIeqW+XGQYzrNmHSVz5xSWZ3klSbh7sFR6UyDj68Q=="
      },
      "SQLitePCLRaw.provider.e_sqlite3": {
        "type": "Transitive",
        "resolved": "2.1.6",
        "contentHash": "PQ2Oq3yepLY4P7ll145P3xtx2bX8xF4PzaKPRpw9jZlKvfe4LE/saAV82inND9usn1XRpmxXk7Lal3MTI+6CNg==",
        "dependencies": {
          "SQLitePCLRaw.core": "2.1.6"
        }
      },
      "System.CodeDom": {
        "type": "Transitive",
        "resolved": "4.4.0",
        "contentHash": "2sCCb7doXEwtYAbqzbF/8UAeDRMNmPaQbU2q50Psg1J9KzumyVVCgKQY8s53WIPTufNT0DpSe9QRvVjOzfDWBA=="
      },
      "System.Collections.Immutable": {
        "type": "Transitive",
        "resolved": "6.0.0",
        "contentHash": "l4zZJ1WU2hqpQQHXz1rvC3etVZN+2DLmQMO79FhOTZHMn8tDRr+WU287sbomD0BETlmKDn0ygUgVy9k5xkkJdA==",
        "dependencies": {
          "System.Runtime.CompilerServices.Unsafe": "6.0.0"
        }
      },
      "System.Composition": {
        "type": "Transitive",
        "resolved": "6.0.0",
        "contentHash": "d7wMuKQtfsxUa7S13tITC8n1cQzewuhD5iDjZtK2prwFfKVzdYtgrTHgjaV03Zq7feGQ5gkP85tJJntXwInsJA==",
        "dependencies": {
          "System.Composition.AttributedModel": "6.0.0",
          "System.Composition.Convention": "6.0.0",
          "System.Composition.Hosting": "6.0.0",
          "System.Composition.Runtime": "6.0.0",
          "System.Composition.TypedParts": "6.0.0"
        }
      },
      "System.Composition.AttributedModel": {
        "type": "Transitive",
        "resolved": "6.0.0",
        "contentHash": "WK1nSDLByK/4VoC7fkNiFuTVEiperuCN/Hyn+VN30R+W2ijO1d0Z2Qm0ScEl9xkSn1G2MyapJi8xpf4R8WRa/w=="
      },
      "System.Composition.Convention": {
        "type": "Transitive",
        "resolved": "6.0.0",
        "contentHash": "XYi4lPRdu5bM4JVJ3/UIHAiG6V6lWWUlkhB9ab4IOq0FrRsp0F4wTyV4Dj+Ds+efoXJ3qbLqlvaUozDO7OLeXA==",
        "dependencies": {
          "System.Composition.AttributedModel": "6.0.0"
        }
      },
      "System.Composition.Hosting": {
        "type": "Transitive",
        "resolved": "6.0.0",
        "contentHash": "w/wXjj7kvxuHPLdzZ0PAUt++qJl03t7lENmb2Oev0n3zbxyNULbWBlnd5J5WUMMv15kg5o+/TCZFb6lSwfaUUQ==",
        "dependencies": {
          "System.Composition.Runtime": "6.0.0"
        }
      },
      "System.Composition.Runtime": {
        "type": "Transitive",
        "resolved": "6.0.0",
        "contentHash": "qkRH/YBaMPTnzxrS5RDk1juvqed4A6HOD/CwRcDGyPpYps1J27waBddiiq1y93jk2ZZ9wuA/kynM+NO0kb3PKg=="
      },
      "System.Composition.TypedParts": {
        "type": "Transitive",
        "resolved": "6.0.0",
        "contentHash": "iUR1eHrL8Cwd82neQCJ00MpwNIBs4NZgXzrPqx8NJf/k4+mwBO0XCRmHYJT4OLSwDDqh5nBLJWkz5cROnrGhRA==",
        "dependencies": {
          "System.Composition.AttributedModel": "6.0.0",
          "System.Composition.Hosting": "6.0.0",
          "System.Composition.Runtime": "6.0.0"
        }
      },
      "System.Configuration.ConfigurationManager": {
        "type": "Transitive",
        "resolved": "8.0.0",
        "contentHash": "JlYi9XVvIREURRUlGMr1F6vOFLk7YSY4p1vHo4kX3tQ0AGrjqlRWHDi66ImHhy6qwXBG3BJ6Y1QlYQ+Qz6Xgww==",
        "dependencies": {
          "System.Diagnostics.EventLog": "8.0.0",
          "System.Security.Cryptography.ProtectedData": "8.0.0"
        }
      },
      "System.Diagnostics.DiagnosticSource": {
        "type": "Transitive",
        "resolved": "6.0.1",
        "contentHash": "KiLYDu2k2J82Q9BJpWiuQqCkFjRBWVq4jDzKKWawVi9KWzyD0XG3cmfX0vqTQlL14Wi9EufJrbL0+KCLTbqWiQ==",
        "dependencies": {
          "System.Runtime.CompilerServices.Unsafe": "6.0.0"
        }
      },
      "System.Diagnostics.EventLog": {
        "type": "Transitive",
        "resolved": "8.0.0",
        "contentHash": "fdYxcRjQqTTacKId/2IECojlDSFvp7LP5N78+0z/xH7v/Tuw5ZAxu23Y6PTCRinqyu2ePx+Gn1098NC6jM6d+A=="
      },
      "System.Diagnostics.PerformanceCounter": {
        "type": "Transitive",
        "resolved": "8.0.0",
        "contentHash": "lX6DXxtJqVGWw7N/QmVoiCyVQ+Q/Xp+jVXPr3gLK1jJExSn1qmAjJQeb8gnOYeeBTG3E3PmG1nu92eYj/TEjpg==",
        "dependencies": {
          "System.Configuration.ConfigurationManager": "8.0.0"
        }
      },
      "System.DirectoryServices": {
        "type": "Transitive",
        "resolved": "6.0.1",
        "contentHash": "935IbO7h5FDGYxeO3cbx/CuvBBuk/VI8sENlfmXlh1pupNOB3LAGzdYdPY8CawGJFP7KNrHK5eUlsFoz3F6cuA==",
        "dependencies": {
          "System.Security.AccessControl": "6.0.0",
          "System.Security.Permissions": "6.0.0"
        }
      },
      "System.DirectoryServices.Protocols": {
        "type": "Transitive",
        "resolved": "6.0.2",
        "contentHash": "vDDPWwHn3/DNZ+kPkdXHoada+tKPEC9bVqDOr4hK6HBSP7hGCUTA0Zw6WU5qpGaqa5M1/V+axHMIv+DNEbIf6g=="
      },
      "System.Drawing.Common": {
        "type": "Transitive",
        "resolved": "6.0.0",
        "contentHash": "NfuoKUiP2nUWwKZN6twGqXioIe1zVD0RIj2t976A+czLHr2nY454RwwXs6JU9Htc6mwqL6Dn/nEL3dpVf2jOhg==",
        "dependencies": {
          "Microsoft.Win32.SystemEvents": "6.0.0"
        }
      },
      "System.Formats.Asn1": {
        "type": "Transitive",
        "resolved": "6.0.0",
        "contentHash": "T6fD00dQ3NTbPDy31m4eQUwKW84s03z0N2C8HpOklyeaDgaJPa/TexP4/SkORMSOwc7WhKifnA6Ya33AkzmafA=="
      },
      "System.IdentityModel.Tokens.Jwt": {
        "type": "Transitive",
        "resolved": "6.35.0",
        "contentHash": "yxGIQd3BFK7F6S62/7RdZk3C/mfwyVxvh6ngd1VYMBmbJ1YZZA9+Ku6suylVtso0FjI0wbElpJ0d27CdsyLpBQ==",
        "dependencies": {
          "Microsoft.IdentityModel.JsonWebTokens": "6.35.0",
          "Microsoft.IdentityModel.Tokens": "6.35.0"
        }
      },
      "System.IO.FileSystem.AccessControl": {
        "type": "Transitive",
        "resolved": "5.0.0",
        "contentHash": "SxHB3nuNrpptVk+vZ/F+7OHEpoHUIKKMl02bUmYHQr1r+glbZQxs7pRtsf4ENO29TVm2TH3AEeep2fJcy92oYw==",
        "dependencies": {
          "System.Security.AccessControl": "5.0.0",
          "System.Security.Principal.Windows": "5.0.0"
        }
      },
      "System.IO.Pipelines": {
        "type": "Transitive",
        "resolved": "6.0.3",
        "contentHash": "ryTgF+iFkpGZY1vRQhfCzX0xTdlV3pyaTTqRu2ETbEv+HlV7O6y7hyQURnghNIXvctl5DuZ//Dpks6HdL/Txgw=="
      },
      "System.Memory": {
        "type": "Transitive",
        "resolved": "4.5.4",
        "contentHash": "1MbJTHS1lZ4bS4FmsJjnuGJOu88ZzTT2rLvrhW7Ygic+pC0NWA+3hgAen0HRdsocuQXCkUTdFn9yHJJhsijDXw=="
      },
      "System.Memory.Data": {
        "type": "Transitive",
        "resolved": "1.0.2",
        "contentHash": "JGkzeqgBsiZwKJZ1IxPNsDFZDhUvuEdX8L8BDC8N3KOj+6zMcNU28CNN59TpZE/VJYy9cP+5M+sbxtWJx3/xtw==",
        "dependencies": {
          "System.Text.Encodings.Web": "4.7.2",
          "System.Text.Json": "4.6.0"
        }
      },
      "System.Numerics.Vectors": {
        "type": "Transitive",
        "resolved": "4.5.0",
        "contentHash": "QQTlPTl06J/iiDbJCiepZ4H//BVraReU4O4EoRw1U02H5TLUIT7xn3GnDp9AXPSlJUDyFs4uWjWafNX6WrAojQ=="
      },
      "System.Reflection.Metadata": {
        "type": "Transitive",
        "resolved": "6.0.1",
        "contentHash": "III/lNMSn0ZRBuM9m5Cgbiho5j81u0FAEagFX5ta2DKbljZ3T0IpD8j+BIiHQPeKqJppWS9bGEp6JnKnWKze0g==",
        "dependencies": {
          "System.Collections.Immutable": "6.0.0"
        }
      },
      "System.Runtime": {
        "type": "Transitive",
        "resolved": "4.3.0",
        "contentHash": "JufQi0vPQ0xGnAczR13AUFglDyVYt4Kqnz1AZaiKZ5+GICq0/1MH/mO/eAJHt/mHW1zjKBJd7kV26SrxddAhiw==",
        "dependencies": {
          "Microsoft.NETCore.Platforms": "1.1.0",
          "Microsoft.NETCore.Targets": "1.1.0"
        }
      },
      "System.Runtime.Caching": {
        "type": "Transitive",
        "resolved": "6.0.0",
        "contentHash": "E0e03kUp5X2k+UAoVl6efmI7uU7JRBWi5EIdlQ7cr0NpBGjHG4fWII35PgsBY9T4fJQ8E4QPsL0rKksU9gcL5A==",
        "dependencies": {
          "System.Configuration.ConfigurationManager": "6.0.0"
        }
      },
      "System.Runtime.CompilerServices.Unsafe": {
        "type": "Transitive",
        "resolved": "6.0.0",
        "contentHash": "/iUeP3tq1S0XdNNoMz5C9twLSrM/TH+qElHkXWaPvuNOt+99G75NrV0OS2EqHx5wMN7popYjpc8oTjC1y16DLg=="
      },
      "System.Security.AccessControl": {
        "type": "Transitive",
        "resolved": "6.0.0",
        "contentHash": "AUADIc0LIEQe7MzC+I0cl0rAT8RrTAKFHl53yHjEUzNVIaUlhFY11vc2ebiVJzVBuOzun6F7FBA+8KAbGTTedQ=="
      },
      "System.Security.Cryptography.Cng": {
        "type": "Transitive",
        "resolved": "5.0.0",
        "contentHash": "jIMXsKn94T9JY7PvPq/tMfqa6GAaHpElRDpmG+SuL+D3+sTw2M8VhnibKnN8Tq+4JqbPJ/f+BwtLeDMEnzAvRg==",
        "dependencies": {
          "System.Formats.Asn1": "5.0.0"
        }
      },
      "System.Security.Cryptography.Pkcs": {
        "type": "Transitive",
        "resolved": "6.0.4",
        "contentHash": "LGbXi1oUJ9QgCNGXRO9ndzBL/GZgANcsURpMhNR8uO+rca47SZmciS3RSQUvlQRwK3QHZSHNOXzoMUASKA+Anw==",
        "dependencies": {
          "System.Formats.Asn1": "6.0.0"
        }
      },
      "System.Security.Cryptography.ProtectedData": {
        "type": "Transitive",
        "resolved": "8.0.0",
        "contentHash": "+TUFINV2q2ifyXauQXRwy4CiBhqvDEDZeVJU7qfxya4aRYOKzVBpN+4acx25VcPB9ywUN6C0n8drWl110PhZEg=="
      },
      "System.Security.Permissions": {
        "type": "Transitive",
        "resolved": "6.0.0",
        "contentHash": "T/uuc7AklkDoxmcJ7LGkyX1CcSviZuLCa4jg3PekfJ7SU0niF0IVTXwUiNVP9DSpzou2PpxJ+eNY2IfDM90ZCg==",
        "dependencies": {
          "System.Security.AccessControl": "6.0.0",
          "System.Windows.Extensions": "6.0.0"
        }
      },
      "System.Security.Principal.Windows": {
        "type": "Transitive",
        "resolved": "5.0.0",
        "contentHash": "t0MGLukB5WAVU9bO3MGzvlGnyJPgUlcwerXn1kzBRjwLKixT96XV0Uza41W49gVd8zEMFu9vQEFlv0IOrytICA=="
      },
      "System.Text.Encoding": {
        "type": "Transitive",
        "resolved": "4.3.0",
        "contentHash": "BiIg+KWaSDOITze6jGQynxg64naAPtqGHBwDrLaCtixsa5bKiR8dpPOHA7ge3C0JJQizJE+sfkz1wV+BAKAYZw==",
        "dependencies": {
          "Microsoft.NETCore.Platforms": "1.1.0",
          "Microsoft.NETCore.Targets": "1.1.0",
          "System.Runtime": "4.3.0"
        }
      },
      "System.Text.Encoding.CodePages": {
        "type": "Transitive",
        "resolved": "8.0.0",
        "contentHash": "OZIsVplFGaVY90G2SbpgU7EnCoOO5pw1t4ic21dBF3/1omrJFpAGoNAVpPyMVOC90/hvgkGG3VFqR13YgZMQfg=="
      },
      "System.Text.Encodings.Web": {
        "type": "Transitive",
        "resolved": "8.0.0",
        "contentHash": "yev/k9GHAEGx2Rg3/tU6MQh4HGBXJs70y7j1LaM1i/ER9po+6nnQ6RRqTJn1E7Xu0fbIFK80Nh5EoODxrbxwBQ=="
      },
      "System.Text.Json": {
        "type": "Transitive",
        "resolved": "8.0.0",
        "contentHash": "OdrZO2WjkiEG6ajEFRABTRCi/wuXQPxeV6g8xvUJqdxMvvuCCEk86zPla8UiIQJz3durtUEbNyY/3lIhS0yZvQ==",
        "dependencies": {
          "System.Text.Encodings.Web": "8.0.0"
        }
      },
      "System.Threading.Channels": {
        "type": "Transitive",
        "resolved": "6.0.0",
        "contentHash": "TY8/9+tI0mNaUMgntOxxaq2ndTkdXqLSxvPmas7XEqOlv9lQtB7wLjYGd756lOaO7Dvb5r/WXhluM+0Xe87v5Q=="
      },
      "System.Threading.Tasks.Extensions": {
        "type": "Transitive",
        "resolved": "4.5.4",
        "contentHash": "zteT+G8xuGu6mS+mzDzYXbzS7rd3K6Fjb9RiZlYlJPam2/hU7JCBZBVEcywNuR+oZ1ncTvc/cq0faRr3P01OVg=="
      },
      "System.Windows.Extensions": {
        "type": "Transitive",
        "resolved": "6.0.0",
        "contentHash": "IXoJOXIqc39AIe+CIR7koBtRGMiCt/LPM3lI+PELtDIy9XdyeSrwXFdWV9dzJ2Awl0paLWUaknLxFQ5HpHZUog==",
        "dependencies": {
          "System.Drawing.Common": "6.0.0"
        }
      }
    }
  }
}